// !$*UTF8*$!
{
	archiveVersion = 1;
	classes = {
	};
	objectVersion = 55;
	objects = {

/* Begin PBXBuildFile section */
		AF548012286D172C001CBB95 /* NewsTableViewController.swift in Sources */ = {isa = PBXBuildFile; fileRef = AF548011286D172C001CBB95 /* NewsTableViewController.swift */; };
		AF548018286D1D30001CBB95 /* SearchNewsTableViewController.swift in Sources */ = {isa = PBXBuildFile; fileRef = AF548017286D1D30001CBB95 /* SearchNewsTableViewController.swift */; };
		AF54801F286D1F2F001CBB95 /* TableViewCell.swift in Sources */ = {isa = PBXBuildFile; fileRef = AF54801D286D1F2E001CBB95 /* TableViewCell.swift */; };
		AF548020286D1F2F001CBB95 /* TableViewCell.xib in Resources */ = {isa = PBXBuildFile; fileRef = AF54801E286D1F2E001CBB95 /* TableViewCell.xib */; };
		AFA61C9D2874DF49000AA7EE /* ApiType.swift in Sources */ = {isa = PBXBuildFile; fileRef = AFA61C9C2874DF49000AA7EE /* ApiType.swift */; };
		AFA61C9F2874E435000AA7EE /* TableViewNewsCellViewModelType.swift in Sources */ = {isa = PBXBuildFile; fileRef = AFA61C9E2874E435000AA7EE /* TableViewNewsCellViewModelType.swift */; };
		AFA61CA22874E492000AA7EE /* TableViewNewsViewModelType.swift in Sources */ = {isa = PBXBuildFile; fileRef = AFA61CA12874E492000AA7EE /* TableViewNewsViewModelType.swift */; };
		AFA61CA42876457E000AA7EE /* NewsCountries.swift in Sources */ = {isa = PBXBuildFile; fileRef = AFA61CA32876457E000AA7EE /* NewsCountries.swift */; };
		AFAEB01E2878DB620090EF30 /* TableViewSearchViewModelType.swift in Sources */ = {isa = PBXBuildFile; fileRef = AFAEB01D2878DB620090EF30 /* TableViewSearchViewModelType.swift */; };
		AFAEB0A5288985620090EF30 /* NewsTableView+BarButton.swift in Sources */ = {isa = PBXBuildFile; fileRef = AFAEB0A4288985620090EF30 /* NewsTableView+BarButton.swift */; };
		AFAEB0A72889AA410090EF30 /* NewsTableView+SafariVC.swift in Sources */ = {isa = PBXBuildFile; fileRef = AFAEB0A62889AA410090EF30 /* NewsTableView+SafariVC.swift */; };
		AFAEB0A92889B23C0090EF30 /* SearchNewsViewController+SearchBar.swift in Sources */ = {isa = PBXBuildFile; fileRef = AFAEB0A82889B23C0090EF30 /* SearchNewsViewController+SearchBar.swift */; };
		AFAEB0AB2889B2C40090EF30 /* SearchNewsViewController+SafariVC.swift in Sources */ = {isa = PBXBuildFile; fileRef = AFAEB0AA2889B2C40090EF30 /* SearchNewsViewController+SafariVC.swift */; };
		AFAEB0AD2889F31D0090EF30 /* UIImageView+LoadingImage.swift in Sources */ = {isa = PBXBuildFile; fileRef = AFAEB0AC2889F31C0090EF30 /* UIImageView+LoadingImage.swift */; };
		AFAEB0AF288AEDFB0090EF30 /* TableViewIsEmptyRow.swift in Sources */ = {isa = PBXBuildFile; fileRef = AFAEB0AE288AEDFB0090EF30 /* TableViewIsEmptyRow.swift */; };
		AFC379632870F664007B65AA /* Constants.swift in Sources */ = {isa = PBXBuildFile; fileRef = AFC379622870F664007B65AA /* Constants.swift */; };
		AFC3796528710533007B65AA /* SearchViewModel.swift in Sources */ = {isa = PBXBuildFile; fileRef = AFC3796428710533007B65AA /* SearchViewModel.swift */; };
		AFE45B0F286A1E72003D553C /* AppDelegate.swift in Sources */ = {isa = PBXBuildFile; fileRef = AFE45B0E286A1E72003D553C /* AppDelegate.swift */; };
		AFE45B11286A1E72003D553C /* SceneDelegate.swift in Sources */ = {isa = PBXBuildFile; fileRef = AFE45B10286A1E72003D553C /* SceneDelegate.swift */; };
		AFE45B16286A1E72003D553C /* Main.storyboard in Resources */ = {isa = PBXBuildFile; fileRef = AFE45B14286A1E72003D553C /* Main.storyboard */; };
		AFE45B18286A1E74003D553C /* Assets.xcassets in Resources */ = {isa = PBXBuildFile; fileRef = AFE45B17286A1E74003D553C /* Assets.xcassets */; };
		AFE45B1B286A1E74003D553C /* LaunchScreen.storyboard in Resources */ = {isa = PBXBuildFile; fileRef = AFE45B19286A1E74003D553C /* LaunchScreen.storyboard */; };
		AFF396B3286F2B1600E9535B /* ApiKey.swift in Sources */ = {isa = PBXBuildFile; fileRef = AFF396B2286F2B1600E9535B /* ApiKey.swift */; };
		AFF396B6286F2BD200E9535B /* News.swift in Sources */ = {isa = PBXBuildFile; fileRef = AFF396B5286F2BD200E9535B /* News.swift */; };
		AFF396B8286F2DC500E9535B /* NetworkManager.swift in Sources */ = {isa = PBXBuildFile; fileRef = AFF396B7286F2DC500E9535B /* NetworkManager.swift */; };
		AFF396BB286F6B2F00E9535B /* TableViewNewsCellViewModel.swift in Sources */ = {isa = PBXBuildFile; fileRef = AFF396BA286F6B2F00E9535B /* TableViewNewsCellViewModel.swift */; };
		AFF396BD286F6C0700E9535B /* ViewModelNews.swift in Sources */ = {isa = PBXBuildFile; fileRef = AFF396BC286F6C0700E9535B /* ViewModelNews.swift */; };
/* End PBXBuildFile section */

/* Begin PBXFileReference section */
		AF548011286D172C001CBB95 /* NewsTableViewController.swift */ = {isa = PBXFileReference; lastKnownFileType = sourcecode.swift; path = NewsTableViewController.swift; sourceTree = "<group>"; };
		AF548017286D1D30001CBB95 /* SearchNewsTableViewController.swift */ = {isa = PBXFileReference; lastKnownFileType = sourcecode.swift; path = SearchNewsTableViewController.swift; sourceTree = "<group>"; };
		AF54801D286D1F2E001CBB95 /* TableViewCell.swift */ = {isa = PBXFileReference; lastKnownFileType = sourcecode.swift; path = TableViewCell.swift; sourceTree = "<group>"; };
		AF54801E286D1F2E001CBB95 /* TableViewCell.xib */ = {isa = PBXFileReference; lastKnownFileType = file.xib; path = TableViewCell.xib; sourceTree = "<group>"; };
		AFA61C9C2874DF49000AA7EE /* ApiType.swift */ = {isa = PBXFileReference; lastKnownFileType = sourcecode.swift; path = ApiType.swift; sourceTree = "<group>"; };
		AFA61C9E2874E435000AA7EE /* TableViewNewsCellViewModelType.swift */ = {isa = PBXFileReference; lastKnownFileType = sourcecode.swift; path = TableViewNewsCellViewModelType.swift; sourceTree = "<group>"; };
		AFA61CA12874E492000AA7EE /* TableViewNewsViewModelType.swift */ = {isa = PBXFileReference; lastKnownFileType = sourcecode.swift; path = TableViewNewsViewModelType.swift; sourceTree = "<group>"; };
		AFA61CA32876457E000AA7EE /* NewsCountries.swift */ = {isa = PBXFileReference; lastKnownFileType = sourcecode.swift; path = NewsCountries.swift; sourceTree = "<group>"; };
		AFAEB01D2878DB620090EF30 /* TableViewSearchViewModelType.swift */ = {isa = PBXFileReference; lastKnownFileType = sourcecode.swift; path = TableViewSearchViewModelType.swift; sourceTree = "<group>"; };
		AFAEB0A4288985620090EF30 /* NewsTableView+BarButton.swift */ = {isa = PBXFileReference; lastKnownFileType = sourcecode.swift; path = "NewsTableView+BarButton.swift"; sourceTree = "<group>"; };
		AFAEB0A62889AA410090EF30 /* NewsTableView+SafariVC.swift */ = {isa = PBXFileReference; lastKnownFileType = sourcecode.swift; path = "NewsTableView+SafariVC.swift"; sourceTree = "<group>"; };
		AFAEB0A82889B23C0090EF30 /* SearchNewsViewController+SearchBar.swift */ = {isa = PBXFileReference; lastKnownFileType = sourcecode.swift; path = "SearchNewsViewController+SearchBar.swift"; sourceTree = "<group>"; };
		AFAEB0AA2889B2C40090EF30 /* SearchNewsViewController+SafariVC.swift */ = {isa = PBXFileReference; lastKnownFileType = sourcecode.swift; path = "SearchNewsViewController+SafariVC.swift"; sourceTree = "<group>"; };
		AFAEB0AC2889F31C0090EF30 /* UIImageView+LoadingImage.swift */ = {isa = PBXFileReference; lastKnownFileType = sourcecode.swift; path = "UIImageView+LoadingImage.swift"; sourceTree = "<group>"; };
		AFAEB0AE288AEDFB0090EF30 /* TableViewIsEmptyRow.swift */ = {isa = PBXFileReference; lastKnownFileType = sourcecode.swift; path = TableViewIsEmptyRow.swift; sourceTree = "<group>"; };
		AFC379622870F664007B65AA /* Constants.swift */ = {isa = PBXFileReference; lastKnownFileType = sourcecode.swift; path = Constants.swift; sourceTree = "<group>"; };
		AFC3796428710533007B65AA /* SearchViewModel.swift */ = {isa = PBXFileReference; lastKnownFileType = sourcecode.swift; path = SearchViewModel.swift; sourceTree = "<group>"; };
		AFE45B0B286A1E72003D553C /* NewsApp.app */ = {isa = PBXFileReference; explicitFileType = wrapper.application; includeInIndex = 0; path = NewsApp.app; sourceTree = BUILT_PRODUCTS_DIR; };
		AFE45B0E286A1E72003D553C /* AppDelegate.swift */ = {isa = PBXFileReference; lastKnownFileType = sourcecode.swift; path = AppDelegate.swift; sourceTree = "<group>"; };
		AFE45B10286A1E72003D553C /* SceneDelegate.swift */ = {isa = PBXFileReference; lastKnownFileType = sourcecode.swift; path = SceneDelegate.swift; sourceTree = "<group>"; };
		AFE45B15286A1E72003D553C /* Base */ = {isa = PBXFileReference; lastKnownFileType = file.storyboard; name = Base; path = Base.lproj/Main.storyboard; sourceTree = "<group>"; };
		AFE45B17286A1E74003D553C /* Assets.xcassets */ = {isa = PBXFileReference; lastKnownFileType = folder.assetcatalog; path = Assets.xcassets; sourceTree = "<group>"; };
		AFE45B1A286A1E74003D553C /* Base */ = {isa = PBXFileReference; lastKnownFileType = file.storyboard; name = Base; path = Base.lproj/LaunchScreen.storyboard; sourceTree = "<group>"; };
		AFE45B1C286A1E74003D553C /* Info.plist */ = {isa = PBXFileReference; lastKnownFileType = text.plist.xml; path = Info.plist; sourceTree = "<group>"; };
		AFF396B2286F2B1600E9535B /* ApiKey.swift */ = {isa = PBXFileReference; lastKnownFileType = sourcecode.swift; path = ApiKey.swift; sourceTree = "<group>"; };
		AFF396B5286F2BD200E9535B /* News.swift */ = {isa = PBXFileReference; lastKnownFileType = sourcecode.swift; path = News.swift; sourceTree = "<group>"; };
		AFF396B7286F2DC500E9535B /* NetworkManager.swift */ = {isa = PBXFileReference; lastKnownFileType = sourcecode.swift; path = NetworkManager.swift; sourceTree = "<group>"; };
		AFF396BA286F6B2F00E9535B /* TableViewNewsCellViewModel.swift */ = {isa = PBXFileReference; lastKnownFileType = sourcecode.swift; path = TableViewNewsCellViewModel.swift; sourceTree = "<group>"; };
		AFF396BC286F6C0700E9535B /* ViewModelNews.swift */ = {isa = PBXFileReference; lastKnownFileType = sourcecode.swift; path = ViewModelNews.swift; sourceTree = "<group>"; };
/* End PBXFileReference section */

/* Begin PBXFrameworksBuildPhase section */
		AFE45B08286A1E72003D553C /* Frameworks */ = {
			isa = PBXFrameworksBuildPhase;
			buildActionMask = 2147483647;
			files = (
			);
			runOnlyForDeploymentPostprocessing = 0;
		};
/* End PBXFrameworksBuildPhase section */

/* Begin PBXGroup section */
		AF54800C286D14D0001CBB95 /* StoryBoard */ = {
			isa = PBXGroup;
			children = (
				AFE45B14286A1E72003D553C /* Main.storyboard */,
				AFE45B19286A1E74003D553C /* LaunchScreen.storyboard */,
			);
			path = StoryBoard;
			sourceTree = "<group>";
		};
		AF54800D286D14E2001CBB95 /* ViewController */ = {
			isa = PBXGroup;
			children = (
				AF548010286D1513001CBB95 /* View */,
			);
			path = ViewController;
			sourceTree = "<group>";
		};
		AF54800E286D14F6001CBB95 /* Delegate */ = {
			isa = PBXGroup;
			children = (
				AFE45B0E286A1E72003D553C /* AppDelegate.swift */,
				AFE45B10286A1E72003D553C /* SceneDelegate.swift */,
			);
			path = Delegate;
			sourceTree = "<group>";
		};
		AF54800F286D1500001CBB95 /* More */ = {
			isa = PBXGroup;
			children = (
				AFE45B17286A1E74003D553C /* Assets.xcassets */,
			);
			path = More;
			sourceTree = "<group>";
		};
		AF548010286D1513001CBB95 /* View */ = {
			isa = PBXGroup;
			children = (
				AF548019286D1D3B001CBB95 /* Seacrh */,
				AF548016286D1CF7001CBB95 /* Popular */,
				AF548021286D1F38001CBB95 /* TableCell */,
			);
			path = View;
			sourceTree = "<group>";
		};
		AF548015286D1796001CBB95 /* Model */ = {
			isa = PBXGroup;
			children = (
				AFF396B5286F2BD200E9535B /* News.swift */,
				AFC379622870F664007B65AA /* Constants.swift */,
				AFA61CA32876457E000AA7EE /* NewsCountries.swift */,
				AFA61C9C2874DF49000AA7EE /* ApiType.swift */,
			);
			path = Model;
			sourceTree = "<group>";
		};
		AF548016286D1CF7001CBB95 /* Popular */ = {
			isa = PBXGroup;
			children = (
				AF548011286D172C001CBB95 /* NewsTableViewController.swift */,
				AFAEB0A4288985620090EF30 /* NewsTableView+BarButton.swift */,
				AFAEB0A62889AA410090EF30 /* NewsTableView+SafariVC.swift */,
			);
			path = Popular;
			sourceTree = "<group>";
		};
		AF548019286D1D3B001CBB95 /* Seacrh */ = {
			isa = PBXGroup;
			children = (
				AF548017286D1D30001CBB95 /* SearchNewsTableViewController.swift */,
				AFAEB0A82889B23C0090EF30 /* SearchNewsViewController+SearchBar.swift */,
				AFAEB0AA2889B2C40090EF30 /* SearchNewsViewController+SafariVC.swift */,
				AFAEB0AE288AEDFB0090EF30 /* TableViewIsEmptyRow.swift */,
			);
			path = Seacrh;
			sourceTree = "<group>";
		};
		AF548021286D1F38001CBB95 /* TableCell */ = {
			isa = PBXGroup;
			children = (
				AFF396BA286F6B2F00E9535B /* TableViewNewsCellViewModel.swift */,
				AF54801D286D1F2E001CBB95 /* TableViewCell.swift */,
				AF54801E286D1F2E001CBB95 /* TableViewCell.xib */,
			);
			path = TableCell;
			sourceTree = "<group>";
		};
		AFA61CA02874E439000AA7EE /* Protocols */ = {
			isa = PBXGroup;
			children = (
				AFA61C9E2874E435000AA7EE /* TableViewNewsCellViewModelType.swift */,
				AFA61CA12874E492000AA7EE /* TableViewNewsViewModelType.swift */,
				AFAEB01D2878DB620090EF30 /* TableViewSearchViewModelType.swift */,
			);
			path = Protocols;
			sourceTree = "<group>";
		};
		AFC379612870E8C8007B65AA /* ViewModel */ = {
			isa = PBXGroup;
			children = (
				AFC3796428710533007B65AA /* SearchViewModel.swift */,
				AFF396BC286F6C0700E9535B /* ViewModelNews.swift */,
			);
			path = ViewModel;
			sourceTree = "<group>";
		};
		AFE45B02286A1E72003D553C = {
			isa = PBXGroup;
			children = (
				AFE45B0D286A1E72003D553C /* NewsApp */,
				AFE45B0C286A1E72003D553C /* Products */,
			);
			sourceTree = "<group>";
		};
		AFE45B0C286A1E72003D553C /* Products */ = {
			isa = PBXGroup;
			children = (
				AFE45B0B286A1E72003D553C /* NewsApp.app */,
			);
			name = Products;
			sourceTree = "<group>";
		};
		AFE45B0D286A1E72003D553C /* NewsApp */ = {
			isa = PBXGroup;
			children = (
				AFE45B1C286A1E74003D553C /* Info.plist */,
				AF54800E286D14F6001CBB95 /* Delegate */,
				AF548015286D1796001CBB95 /* Model */,
				AFA61CA02874E439000AA7EE /* Protocols */,
				AFC379612870E8C8007B65AA /* ViewModel */,
				AF54800D286D14E2001CBB95 /* ViewController */,
				AFF396B9286F2DC800E9535B /* NetworkManager */,
				AF54800C286D14D0001CBB95 /* StoryBoard */,
				AF54800F286D1500001CBB95 /* More */,
			);
			path = NewsApp;
			sourceTree = "<group>";
		};
		AFF396B9286F2DC800E9535B /* NetworkManager */ = {
			isa = PBXGroup;
			children = (
				AFF396B7286F2DC500E9535B /* NetworkManager.swift */,
				AFF396B2286F2B1600E9535B /* ApiKey.swift */,
				AFAEB0AC2889F31C0090EF30 /* UIImageView+LoadingImage.swift */,
			);
			path = NetworkManager;
			sourceTree = "<group>";
		};
/* End PBXGroup section */

/* Begin PBXNativeTarget section */
		AFE45B0A286A1E72003D553C /* NewsApp */ = {
			isa = PBXNativeTarget;
			buildConfigurationList = AFE45B1F286A1E74003D553C /* Build configuration list for PBXNativeTarget "NewsApp" */;
			buildPhases = (
				AFE45B07286A1E72003D553C /* Sources */,
				AFE45B08286A1E72003D553C /* Frameworks */,
				AFE45B09286A1E72003D553C /* Resources */,
			);
			buildRules = (
			);
			dependencies = (
			);
			name = NewsApp;
			productName = NewsApp;
			productReference = AFE45B0B286A1E72003D553C /* NewsApp.app */;
			productType = "com.apple.product-type.application";
		};
/* End PBXNativeTarget section */

/* Begin PBXProject section */
		AFE45B03286A1E72003D553C /* Project object */ = {
			isa = PBXProject;
			attributes = {
				BuildIndependentTargetsInParallel = 1;
				LastSwiftUpdateCheck = 1340;
				LastUpgradeCheck = 1340;
				TargetAttributes = {
					AFE45B0A286A1E72003D553C = {
						CreatedOnToolsVersion = 13.4.1;
					};
				};
			};
			buildConfigurationList = AFE45B06286A1E72003D553C /* Build configuration list for PBXProject "NewsApp" */;
			compatibilityVersion = "Xcode 13.0";
			developmentRegion = en;
			hasScannedForEncodings = 0;
			knownRegions = (
				en,
				Base,
			);
			mainGroup = AFE45B02286A1E72003D553C;
			productRefGroup = AFE45B0C286A1E72003D553C /* Products */;
			projectDirPath = "";
			projectRoot = "";
			targets = (
				AFE45B0A286A1E72003D553C /* NewsApp */,
			);
		};
/* End PBXProject section */

/* Begin PBXResourcesBuildPhase section */
		AFE45B09286A1E72003D553C /* Resources */ = {
			isa = PBXResourcesBuildPhase;
			buildActionMask = 2147483647;
			files = (
				AFE45B1B286A1E74003D553C /* LaunchScreen.storyboard in Resources */,
				AF548020286D1F2F001CBB95 /* TableViewCell.xib in Resources */,
				AFE45B18286A1E74003D553C /* Assets.xcassets in Resources */,
				AFE45B16286A1E72003D553C /* Main.storyboard in Resources */,
			);
			runOnlyForDeploymentPostprocessing = 0;
		};
/* End PBXResourcesBuildPhase section */

/* Begin PBXSourcesBuildPhase section */
		AFE45B07286A1E72003D553C /* Sources */ = {
			isa = PBXSourcesBuildPhase;
			buildActionMask = 2147483647;
			files = (
				AFF396BD286F6C0700E9535B /* ViewModelNews.swift in Sources */,
				AF54801F286D1F2F001CBB95 /* TableViewCell.swift in Sources */,
				AFA61C9D2874DF49000AA7EE /* ApiType.swift in Sources */,
				AFAEB0AD2889F31D0090EF30 /* UIImageView+LoadingImage.swift in Sources */,
				AFC379632870F664007B65AA /* Constants.swift in Sources */,
				AFAEB0AF288AEDFB0090EF30 /* TableViewIsEmptyRow.swift in Sources */,
				AFF396BB286F6B2F00E9535B /* TableViewNewsCellViewModel.swift in Sources */,
				AFAEB0A5288985620090EF30 /* NewsTableView+BarButton.swift in Sources */,
				AFC3796528710533007B65AA /* SearchViewModel.swift in Sources */,
				AFAEB0A92889B23C0090EF30 /* SearchNewsViewController+SearchBar.swift in Sources */,
				AFA61CA42876457E000AA7EE /* NewsCountries.swift in Sources */,
				AF548018286D1D30001CBB95 /* SearchNewsTableViewController.swift in Sources */,
				AFE45B0F286A1E72003D553C /* AppDelegate.swift in Sources */,
				AF548012286D172C001CBB95 /* NewsTableViewController.swift in Sources */,
				AFF396B8286F2DC500E9535B /* NetworkManager.swift in Sources */,
				AFF396B3286F2B1600E9535B /* ApiKey.swift in Sources */,
				AFA61C9F2874E435000AA7EE /* TableViewNewsCellViewModelType.swift in Sources */,
				AFAEB01E2878DB620090EF30 /* TableViewSearchViewModelType.swift in Sources */,
				AFF396B6286F2BD200E9535B /* News.swift in Sources */,
				AFAEB0AB2889B2C40090EF30 /* SearchNewsViewController+SafariVC.swift in Sources */,
				AFAEB0A72889AA410090EF30 /* NewsTableView+SafariVC.swift in Sources */,
				AFA61CA22874E492000AA7EE /* TableViewNewsViewModelType.swift in Sources */,
				AFE45B11286A1E72003D553C /* SceneDelegate.swift in Sources */,
			);
			runOnlyForDeploymentPostprocessing = 0;
		};
/* End PBXSourcesBuildPhase section */

/* Begin PBXVariantGroup section */
		AFE45B14286A1E72003D553C /* Main.storyboard */ = {
			isa = PBXVariantGroup;
			children = (
				AFE45B15286A1E72003D553C /* Base */,
			);
			name = Main.storyboard;
			sourceTree = "<group>";
		};
		AFE45B19286A1E74003D553C /* LaunchScreen.storyboard */ = {
			isa = PBXVariantGroup;
			children = (
				AFE45B1A286A1E74003D553C /* Base */,
			);
			name = LaunchScreen.storyboard;
			sourceTree = "<group>";
		};
/* End PBXVariantGroup section */

/* Begin XCBuildConfiguration section */
		AFE45B1D286A1E74003D553C /* Debug */ = {
			isa = XCBuildConfiguration;
			buildSettings = {
				ALWAYS_SEARCH_USER_PATHS = NO;
				CLANG_ANALYZER_NONNULL = YES;
				CLANG_ANALYZER_NUMBER_OBJECT_CONVERSION = YES_AGGRESSIVE;
				CLANG_CXX_LANGUAGE_STANDARD = "gnu++17";
				CLANG_ENABLE_MODULES = YES;
				CLANG_ENABLE_OBJC_ARC = YES;
				CLANG_ENABLE_OBJC_WEAK = YES;
				CLANG_WARN_BLOCK_CAPTURE_AUTORELEASING = YES;
				CLANG_WARN_BOOL_CONVERSION = YES;
				CLANG_WARN_COMMA = YES;
				CLANG_WARN_CONSTANT_CONVERSION = YES;
				CLANG_WARN_DEPRECATED_OBJC_IMPLEMENTATIONS = YES;
				CLANG_WARN_DIRECT_OBJC_ISA_USAGE = YES_ERROR;
				CLANG_WARN_DOCUMENTATION_COMMENTS = YES;
				CLANG_WARN_EMPTY_BODY = YES;
				CLANG_WARN_ENUM_CONVERSION = YES;
				CLANG_WARN_INFINITE_RECURSION = YES;
				CLANG_WARN_INT_CONVERSION = YES;
				CLANG_WARN_NON_LITERAL_NULL_CONVERSION = YES;
				CLANG_WARN_OBJC_IMPLICIT_RETAIN_SELF = YES;
				CLANG_WARN_OBJC_LITERAL_CONVERSION = YES;
				CLANG_WARN_OBJC_ROOT_CLASS = YES_ERROR;
				CLANG_WARN_QUOTED_INCLUDE_IN_FRAMEWORK_HEADER = YES;
				CLANG_WARN_RANGE_LOOP_ANALYSIS = YES;
				CLANG_WARN_STRICT_PROTOTYPES = YES;
				CLANG_WARN_SUSPICIOUS_MOVE = YES;
				CLANG_WARN_UNGUARDED_AVAILABILITY = YES_AGGRESSIVE;
				CLANG_WARN_UNREACHABLE_CODE = YES;
				CLANG_WARN__DUPLICATE_METHOD_MATCH = YES;
				COPY_PHASE_STRIP = NO;
				DEBUG_INFORMATION_FORMAT = dwarf;
				ENABLE_STRICT_OBJC_MSGSEND = YES;
				ENABLE_TESTABILITY = YES;
				GCC_C_LANGUAGE_STANDARD = gnu11;
				GCC_DYNAMIC_NO_PIC = NO;
				GCC_NO_COMMON_BLOCKS = YES;
				GCC_OPTIMIZATION_LEVEL = 0;
				GCC_PREPROCESSOR_DEFINITIONS = (
					"DEBUG=1",
					"$(inherited)",
				);
				GCC_WARN_64_TO_32_BIT_CONVERSION = YES;
				GCC_WARN_ABOUT_RETURN_TYPE = YES_ERROR;
				GCC_WARN_UNDECLARED_SELECTOR = YES;
				GCC_WARN_UNINITIALIZED_AUTOS = YES_AGGRESSIVE;
				GCC_WARN_UNUSED_FUNCTION = YES;
				GCC_WARN_UNUSED_VARIABLE = YES;
				IPHONEOS_DEPLOYMENT_TARGET = 15.5;
				MTL_ENABLE_DEBUG_INFO = INCLUDE_SOURCE;
				MTL_FAST_MATH = YES;
				ONLY_ACTIVE_ARCH = YES;
				SDKROOT = iphoneos;
				SWIFT_ACTIVE_COMPILATION_CONDITIONS = DEBUG;
				SWIFT_OPTIMIZATION_LEVEL = "-Onone";
			};
			name = Debug;
		};
		AFE45B1E286A1E74003D553C /* Release */ = {
			isa = XCBuildConfiguration;
			buildSettings = {
				ALWAYS_SEARCH_USER_PATHS = NO;
				CLANG_ANALYZER_NONNULL = YES;
				CLANG_ANALYZER_NUMBER_OBJECT_CONVERSION = YES_AGGRESSIVE;
				CLANG_CXX_LANGUAGE_STANDARD = "gnu++17";
				CLANG_ENABLE_MODULES = YES;
				CLANG_ENABLE_OBJC_ARC = YES;
				CLANG_ENABLE_OBJC_WEAK = YES;
				CLANG_WARN_BLOCK_CAPTURE_AUTORELEASING = YES;
				CLANG_WARN_BOOL_CONVERSION = YES;
				CLANG_WARN_COMMA = YES;
				CLANG_WARN_CONSTANT_CONVERSION = YES;
				CLANG_WARN_DEPRECATED_OBJC_IMPLEMENTATIONS = YES;
				CLANG_WARN_DIRECT_OBJC_ISA_USAGE = YES_ERROR;
				CLANG_WARN_DOCUMENTATION_COMMENTS = YES;
				CLANG_WARN_EMPTY_BODY = YES;
				CLANG_WARN_ENUM_CONVERSION = YES;
				CLANG_WARN_INFINITE_RECURSION = YES;
				CLANG_WARN_INT_CONVERSION = YES;
				CLANG_WARN_NON_LITERAL_NULL_CONVERSION = YES;
				CLANG_WARN_OBJC_IMPLICIT_RETAIN_SELF = YES;
				CLANG_WARN_OBJC_LITERAL_CONVERSION = YES;
				CLANG_WARN_OBJC_ROOT_CLASS = YES_ERROR;
				CLANG_WARN_QUOTED_INCLUDE_IN_FRAMEWORK_HEADER = YES;
				CLANG_WARN_RANGE_LOOP_ANALYSIS = YES;
				CLANG_WARN_STRICT_PROTOTYPES = YES;
				CLANG_WARN_SUSPICIOUS_MOVE = YES;
				CLANG_WARN_UNGUARDED_AVAILABILITY = YES_AGGRESSIVE;
				CLANG_WARN_UNREACHABLE_CODE = YES;
				CLANG_WARN__DUPLICATE_METHOD_MATCH = YES;
				COPY_PHASE_STRIP = NO;
				DEBUG_INFORMATION_FORMAT = "dwarf-with-dsym";
				ENABLE_NS_ASSERTIONS = NO;
				ENABLE_STRICT_OBJC_MSGSEND = YES;
				GCC_C_LANGUAGE_STANDARD = gnu11;
				GCC_NO_COMMON_BLOCKS = YES;
				GCC_WARN_64_TO_32_BIT_CONVERSION = YES;
				GCC_WARN_ABOUT_RETURN_TYPE = YES_ERROR;
				GCC_WARN_UNDECLARED_SELECTOR = YES;
				GCC_WARN_UNINITIALIZED_AUTOS = YES_AGGRESSIVE;
				GCC_WARN_UNUSED_FUNCTION = YES;
				GCC_WARN_UNUSED_VARIABLE = YES;
				IPHONEOS_DEPLOYMENT_TARGET = 15.5;
				MTL_ENABLE_DEBUG_INFO = NO;
				MTL_FAST_MATH = YES;
				SDKROOT = iphoneos;
				SWIFT_COMPILATION_MODE = wholemodule;
				SWIFT_OPTIMIZATION_LEVEL = "-O";
				VALIDATE_PRODUCT = YES;
			};
			name = Release;
		};
		AFE45B20286A1E74003D553C /* Debug */ = {
			isa = XCBuildConfiguration;
			buildSettings = {
				ASSETCATALOG_COMPILER_APPICON_NAME = AppIcon;
				ASSETCATALOG_COMPILER_GLOBAL_ACCENT_COLOR_NAME = AccentColor;
				CODE_SIGN_STYLE = Automatic;
				CURRENT_PROJECT_VERSION = 1;
				DEVELOPMENT_TEAM = Y47Y5YN8TD;
				GENERATE_INFOPLIST_FILE = YES;
				INFOPLIST_FILE = NewsApp/Info.plist;
				INFOPLIST_KEY_UIApplicationSupportsIndirectInputEvents = YES;
				INFOPLIST_KEY_UILaunchStoryboardName = LaunchScreen;
				INFOPLIST_KEY_UIMainStoryboardFile = Main;
				INFOPLIST_KEY_UISupportedInterfaceOrientations_iPad = "UIInterfaceOrientationPortrait UIInterfaceOrientationPortraitUpsideDown UIInterfaceOrientationLandscapeLeft UIInterfaceOrientationLandscapeRight";
				INFOPLIST_KEY_UISupportedInterfaceOrientations_iPhone = "UIInterfaceOrientationPortrait UIInterfaceOrientationLandscapeLeft UIInterfaceOrientationLandscapeRight";
				IPHONEOS_DEPLOYMENT_TARGET = 15.0;
				LD_RUNPATH_SEARCH_PATHS = (
					"$(inherited)",
					"@executable_path/Frameworks",
				);
				MARKETING_VERSION = 1.0;
				PRODUCT_BUNDLE_IDENTIFIER = Savhouse.NewsApp;
				PRODUCT_NAME = "$(TARGET_NAME)";
				SWIFT_EMIT_LOC_STRINGS = YES;
				SWIFT_VERSION = 5.0;
				TARGETED_DEVICE_FAMILY = 1;
			};
			name = Debug;
		};
		AFE45B21286A1E74003D553C /* Release */ = {
			isa = XCBuildConfiguration;
			buildSettings = {
				ASSETCATALOG_COMPILER_APPICON_NAME = AppIcon;
				ASSETCATALOG_COMPILER_GLOBAL_ACCENT_COLOR_NAME = AccentColor;
				CODE_SIGN_STYLE = Automatic;
				CURRENT_PROJECT_VERSION = 1;
				DEVELOPMENT_TEAM = Y47Y5YN8TD;
				GENERATE_INFOPLIST_FILE = YES;
				INFOPLIST_FILE = NewsApp/Info.plist;
				INFOPLIST_KEY_UIApplicationSupportsIndirectInputEvents = YES;
				INFOPLIST_KEY_UILaunchStoryboardName = LaunchScreen;
				INFOPLIST_KEY_UIMainStoryboardFile = Main;
				INFOPLIST_KEY_UISupportedInterfaceOrientations_iPad = "UIInterfaceOrientationPortrait UIInterfaceOrientationPortraitUpsideDown UIInterfaceOrientationLandscapeLeft UIInterfaceOrientationLandscapeRight";
				INFOPLIST_KEY_UISupportedInterfaceOrientations_iPhone = "UIInterfaceOrientationPortrait UIInterfaceOrientationLandscapeLeft UIInterfaceOrientationLandscapeRight";
				IPHONEOS_DEPLOYMENT_TARGET = 15.0;
				LD_RUNPATH_SEARCH_PATHS = (
					"$(inherited)",
					"@executable_path/Frameworks",
				);
				MARKETING_VERSION = 1.0;
				PRODUCT_BUNDLE_IDENTIFIER = Savhouse.NewsApp;
				PRODUCT_NAME = "$(TARGET_NAME)";
				SWIFT_EMIT_LOC_STRINGS = YES;
				SWIFT_VERSION = 5.0;
				TARGETED_DEVICE_FAMILY = 1;
			};
			name = Release;
		};
/* End XCBuildConfiguration section */

/* Begin XCConfigurationList section */
		AFE45B06286A1E72003D553C /* Build configuration list for PBXProject "NewsApp" */ = {
			isa = XCConfigurationList;
			buildConfigurations = (
				AFE45B1D286A1E74003D553C /* Debug */,
				AFE45B1E286A1E74003D553C /* Release */,
			);
			defaultConfigurationIsVisible = 0;
			defaultConfigurationName = Release;
		};
		AFE45B1F286A1E74003D553C /* Build configuration list for PBXNativeTarget "NewsApp" */ = {
			isa = XCConfigurationList;
			buildConfigurations = (
				AFE45B20286A1E74003D553C /* Debug */,
				AFE45B21286A1E74003D553C /* Release */,
			);
			defaultConfigurationIsVisible = 0;
			defaultConfigurationName = Release;
		};
/* End XCConfigurationList section */
	};
	rootObject = AFE45B03286A1E72003D553C /* Project object */;
}
